
Microsoft Visual Studio Solution File, Format Version 12.00
# Visual Studio 15
VisualStudioVersion = 15.0.27004.2009
MinimumVisualStudioVersion = 10.0.40219.1
Project("{9A19103F-16F7-4668-BE54-9A1E7A4F7556}") = "LoadTest", "LoadTest\LoadTest.csproj", "{ACB09FD9-EEB5-41F0-84F6-4DEC19CF014F}"
EndProject
Project("{9A19103F-16F7-4668-BE54-9A1E7A4F7556}") = "SampleCode", "SampleCode\SampleCode.csproj", "{C88F7623-F908-47B9-A997-311CAB5E8AA8}"
EndProject
Project("{2150E333-8FDC-42A3-9474-1A3956D46DE8}") = "code_snippets", "code_snippets", "{DE3D5381-A251-4236-A3D6-2BC991AA3876}"
	ProjectSection(SolutionItems) = preProject
		code_snippets\GetResults.snippet = code_snippets\GetResults.snippet
		MainRunner.snippet = MainRunner.snippet
		oldpara.snippet = oldpara.snippet
	EndProjectSection
EndProject
Project("{2150E333-8FDC-42A3-9474-1A3956D46DE8}") = "Solution Items", "Solution Items", "{10DE335E-7FBC-4135-9F25-298EA8834055}"
	ProjectSection(SolutionItems) = preProject
		publish.bat = publish.bat
		README.md = README.md
	EndProjectSection
EndProject
Project("{9A19103F-16F7-4668-BE54-9A1E7A4F7556}") = "PureDI", "PureDI\PureDI.csproj", "{EB782569-092C-4BFC-A12C-49CF959CCAEB}"
EndProject
Project("{9A19103F-16F7-4668-BE54-9A1E7A4F7556}") = "PureDIDemo", "PureDIDemo\PureDIDemo.csproj", "{6DB56493-7E39-453B-9CCF-B868A7B26AC8}"
EndProject
Project("{9A19103F-16F7-4668-BE54-9A1E7A4F7556}") = "PureDIDocumentor", "PureDIDocumentor\PureDIDocumentor.csproj", "{30AAAA41-4BBA-4F90-AF9F-CB265C18F125}"
EndProject
Project("{9A19103F-16F7-4668-BE54-9A1E7A4F7556}") = "PureDITest", "PureDITest\PureDITest.csproj", "{E204099F-D02E-4E4D-9AB8-72032F8ADDBB}"
EndProject
Project("{2150E333-8FDC-42A3-9474-1A3956D46DE8}") = "Documentation", "Documentation", "{1A52E81A-C118-4AAE-BD99-E8CBC5BAF8EA}"
	ProjectSection(SolutionItems) = preProject
		Documentation\LibraryMaintainerNotes.md = Documentation\LibraryMaintainerNotes.md
	EndProjectSection
EndProject
Global
	GlobalSection(SolutionConfigurationPlatforms) = preSolution
		Debug|Any CPU = Debug|Any CPU
		Interesting|Any CPU = Interesting|Any CPU
		LinuxTest|Any CPU = LinuxTest|Any CPU
		MacOsTest|Any CPU = MacOsTest|Any CPU
		Release|Any CPU = Release|Any CPU
	EndGlobalSection
	GlobalSection(ProjectConfigurationPlatforms) = postSolution
		{ACB09FD9-EEB5-41F0-84F6-4DEC19CF014F}.Debug|Any CPU.ActiveCfg = Debug|Any CPU
		{ACB09FD9-EEB5-41F0-84F6-4DEC19CF014F}.Debug|Any CPU.Build.0 = Debug|Any CPU
		{ACB09FD9-EEB5-41F0-84F6-4DEC19CF014F}.Interesting|Any CPU.ActiveCfg = Interesting|Any CPU
		{ACB09FD9-EEB5-41F0-84F6-4DEC19CF014F}.Interesting|Any CPU.Build.0 = Interesting|Any CPU
		{ACB09FD9-EEB5-41F0-84F6-4DEC19CF014F}.LinuxTest|Any CPU.ActiveCfg = Interesting|Any CPU
		{ACB09FD9-EEB5-41F0-84F6-4DEC19CF014F}.LinuxTest|Any CPU.Build.0 = Interesting|Any CPU
		{ACB09FD9-EEB5-41F0-84F6-4DEC19CF014F}.MacOsTest|Any CPU.ActiveCfg = Interesting|Any CPU
		{ACB09FD9-EEB5-41F0-84F6-4DEC19CF014F}.MacOsTest|Any CPU.Build.0 = Interesting|Any CPU
		{ACB09FD9-EEB5-41F0-84F6-4DEC19CF014F}.Release|Any CPU.ActiveCfg = Release|Any CPU
		{ACB09FD9-EEB5-41F0-84F6-4DEC19CF014F}.Release|Any CPU.Build.0 = Release|Any CPU
		{C88F7623-F908-47B9-A997-311CAB5E8AA8}.Debug|Any CPU.ActiveCfg = Debug|Any CPU
		{C88F7623-F908-47B9-A997-311CAB5E8AA8}.Debug|Any CPU.Build.0 = Debug|Any CPU
		{C88F7623-F908-47B9-A997-311CAB5E8AA8}.Interesting|Any CPU.ActiveCfg = Interesting|Any CPU
		{C88F7623-F908-47B9-A997-311CAB5E8AA8}.Interesting|Any CPU.Build.0 = Interesting|Any CPU
		{C88F7623-F908-47B9-A997-311CAB5E8AA8}.LinuxTest|Any CPU.ActiveCfg = Interesting|Any CPU
		{C88F7623-F908-47B9-A997-311CAB5E8AA8}.LinuxTest|Any CPU.Build.0 = Interesting|Any CPU
		{C88F7623-F908-47B9-A997-311CAB5E8AA8}.MacOsTest|Any CPU.ActiveCfg = Interesting|Any CPU
		{C88F7623-F908-47B9-A997-311CAB5E8AA8}.MacOsTest|Any CPU.Build.0 = Interesting|Any CPU
		{C88F7623-F908-47B9-A997-311CAB5E8AA8}.Release|Any CPU.ActiveCfg = Release|Any CPU
		{C88F7623-F908-47B9-A997-311CAB5E8AA8}.Release|Any CPU.Build.0 = Release|Any CPU
		{EB782569-092C-4BFC-A12C-49CF959CCAEB}.Debug|Any CPU.ActiveCfg = Debug|Any CPU
		{EB782569-092C-4BFC-A12C-49CF959CCAEB}.Debug|Any CPU.Build.0 = Debug|Any CPU
		{EB782569-092C-4BFC-A12C-49CF959CCAEB}.Interesting|Any CPU.ActiveCfg = Debug|Any CPU
		{EB782569-092C-4BFC-A12C-49CF959CCAEB}.Interesting|Any CPU.Build.0 = Debug|Any CPU
		{EB782569-092C-4BFC-A12C-49CF959CCAEB}.LinuxTest|Any CPU.ActiveCfg = Debug|Any CPU
		{EB782569-092C-4BFC-A12C-49CF959CCAEB}.LinuxTest|Any CPU.Build.0 = Debug|Any CPU
		{EB782569-092C-4BFC-A12C-49CF959CCAEB}.MacOsTest|Any CPU.ActiveCfg = Debug|Any CPU
		{EB782569-092C-4BFC-A12C-49CF959CCAEB}.MacOsTest|Any CPU.Build.0 = Debug|Any CPU
		{EB782569-092C-4BFC-A12C-49CF959CCAEB}.Release|Any CPU.ActiveCfg = Release|Any CPU
		{EB782569-092C-4BFC-A12C-49CF959CCAEB}.Release|Any CPU.Build.0 = Release|Any CPU
		{6DB56493-7E39-453B-9CCF-B868A7B26AC8}.Debug|Any CPU.ActiveCfg = Debug|Any CPU
		{6DB56493-7E39-453B-9CCF-B868A7B26AC8}.Debug|Any CPU.Build.0 = Debug|Any CPU
		{6DB56493-7E39-453B-9CCF-B868A7B26AC8}.Interesting|Any CPU.ActiveCfg = Interesting|Any CPU
		{6DB56493-7E39-453B-9CCF-B868A7B26AC8}.Interesting|Any CPU.Build.0 = Interesting|Any CPU
		{6DB56493-7E39-453B-9CCF-B868A7B26AC8}.LinuxTest|Any CPU.ActiveCfg = Interesting|Any CPU
		{6DB56493-7E39-453B-9CCF-B868A7B26AC8}.LinuxTest|Any CPU.Build.0 = Interesting|Any CPU
		{6DB56493-7E39-453B-9CCF-B868A7B26AC8}.MacOsTest|Any CPU.ActiveCfg = Interesting|Any CPU
		{6DB56493-7E39-453B-9CCF-B868A7B26AC8}.MacOsTest|Any CPU.Build.0 = Interesting|Any CPU
		{6DB56493-7E39-453B-9CCF-B868A7B26AC8}.Release|Any CPU.ActiveCfg = Release|Any CPU
		{6DB56493-7E39-453B-9CCF-B868A7B26AC8}.Release|Any CPU.Build.0 = Release|Any CPU
		{30AAAA41-4BBA-4F90-AF9F-CB265C18F125}.Debug|Any CPU.ActiveCfg = Debug|Any CPU
		{30AAAA41-4BBA-4F90-AF9F-CB265C18F125}.Debug|Any CPU.Build.0 = Debug|Any CPU
		{30AAAA41-4BBA-4F90-AF9F-CB265C18F125}.Interesting|Any CPU.ActiveCfg = Interesting|Any CPU
		{30AAAA41-4BBA-4F90-AF9F-CB265C18F125}.Interesting|Any CPU.Build.0 = Interesting|Any CPU
		{30AAAA41-4BBA-4F90-AF9F-CB265C18F125}.LinuxTest|Any CPU.ActiveCfg = Interesting|Any CPU
		{30AAAA41-4BBA-4F90-AF9F-CB265C18F125}.LinuxTest|Any CPU.Build.0 = Interesting|Any CPU
		{30AAAA41-4BBA-4F90-AF9F-CB265C18F125}.MacOsTest|Any CPU.ActiveCfg = Interesting|Any CPU
		{30AAAA41-4BBA-4F90-AF9F-CB265C18F125}.MacOsTest|Any CPU.Build.0 = Interesting|Any CPU
		{30AAAA41-4BBA-4F90-AF9F-CB265C18F125}.Release|Any CPU.ActiveCfg = Release|Any CPU
		{30AAAA41-4BBA-4F90-AF9F-CB265C18F125}.Release|Any CPU.Build.0 = Release|Any CPU
		{E204099F-D02E-4E4D-9AB8-72032F8ADDBB}.Debug|Any CPU.ActiveCfg = Debug|Any CPU
		{E204099F-D02E-4E4D-9AB8-72032F8ADDBB}.Debug|Any CPU.Build.0 = Debug|Any CPU
		{E204099F-D02E-4E4D-9AB8-72032F8ADDBB}.Interesting|Any CPU.ActiveCfg = Interesting|Any CPU
		{E204099F-D02E-4E4D-9AB8-72032F8ADDBB}.Interesting|Any CPU.Build.0 = Interesting|Any CPU
		{E204099F-D02E-4E4D-9AB8-72032F8ADDBB}.LinuxTest|Any CPU.ActiveCfg = LinuxTest|Any CPU
		{E204099F-D02E-4E4D-9AB8-72032F8ADDBB}.LinuxTest|Any CPU.Build.0 = LinuxTest|Any CPU
		{E204099F-D02E-4E4D-9AB8-72032F8ADDBB}.MacOsTest|Any CPU.ActiveCfg = MacOsTest|Any CPU
		{E204099F-D02E-4E4D-9AB8-72032F8ADDBB}.MacOsTest|Any CPU.Build.0 = MacOsTest|Any CPU
		{E204099F-D02E-4E4D-9AB8-72032F8ADDBB}.Release|Any CPU.ActiveCfg = Release|Any CPU
		{E204099F-D02E-4E4D-9AB8-72032F8ADDBB}.Release|Any CPU.Build.0 = Release|Any CPU
	EndGlobalSection
	GlobalSection(SolutionProperties) = preSolution
		HideSolutionNode = FALSE
	EndGlobalSection
	GlobalSection(ExtensibilityGlobals) = postSolution
		SolutionGuid = {F17FFC63-19EA-433C-9E06-82AFDAA74A73}
	EndGlobalSection
	GlobalSection(Performance) = preSolution
		HasPerformanceSessions = true
	EndGlobalSection
EndGlobal
