
Microsoft Visual Studio Solution File, Format Version 12.00
# Visual Studio 15
VisualStudioVersion = 15.0.26730.8
MinimumVisualStudioVersion = 10.0.40219.1
Project("{9A19103F-16F7-4668-BE54-9A1E7A4F7556}") = "SimpleIOCContainer", "SimpleIOCContainer\SimpleIOCContainer.csproj", "{8203FD79-A03C-458D-9FF1-6B76F00682BC}"
EndProject
Project("{9A19103F-16F7-4668-BE54-9A1E7A4F7556}") = "SimpleIOCContainerTest", "SimpleIOCContainerTest\SimpleIOCContainerTest.csproj", "{8F6A96C3-C146-453B-BAFB-6162A1F66788}"
EndProject
Project("{FAE04EC0-301F-11D3-BF4B-00C04F79EFBC}") = "TestCSharpProvider", "TestCSharpProvider\TestCSharpProvider.csproj", "{64C5A99A-582B-4E78-9D29-11291238BE94}"
EndProject
Project("{FAE04EC0-301F-11D3-BF4B-00C04F79EFBC}") = "TestCSharpProviderCore", "TestCSharpProviderCore\TestCSharpProviderCore.csproj", "{E76CEB85-BE64-4ABD-BB79-20E48D653F8C}"
EndProject
Project("{FAE04EC0-301F-11D3-BF4B-00C04F79EFBC}") = "SimpleIOCCSample", "SimpleIOCCUser\SimpleIOCCSample.csproj", "{8FFF2D8D-73AF-42E7-BB2B-645A67ADBB2C}"
EndProject
Global
	GlobalSection(SolutionConfigurationPlatforms) = preSolution
		Debug|Any CPU = Debug|Any CPU
		Release|Any CPU = Release|Any CPU
	EndGlobalSection
	GlobalSection(ProjectConfigurationPlatforms) = postSolution
		{8203FD79-A03C-458D-9FF1-6B76F00682BC}.Debug|Any CPU.ActiveCfg = Debug|Any CPU
		{8203FD79-A03C-458D-9FF1-6B76F00682BC}.Debug|Any CPU.Build.0 = Debug|Any CPU
		{8203FD79-A03C-458D-9FF1-6B76F00682BC}.Release|Any CPU.ActiveCfg = Release|Any CPU
		{8203FD79-A03C-458D-9FF1-6B76F00682BC}.Release|Any CPU.Build.0 = Release|Any CPU
		{8F6A96C3-C146-453B-BAFB-6162A1F66788}.Debug|Any CPU.ActiveCfg = Debug|Any CPU
		{8F6A96C3-C146-453B-BAFB-6162A1F66788}.Debug|Any CPU.Build.0 = Debug|Any CPU
		{8F6A96C3-C146-453B-BAFB-6162A1F66788}.Release|Any CPU.ActiveCfg = Release|Any CPU
		{8F6A96C3-C146-453B-BAFB-6162A1F66788}.Release|Any CPU.Build.0 = Release|Any CPU
		{64C5A99A-582B-4E78-9D29-11291238BE94}.Debug|Any CPU.ActiveCfg = Debug|Any CPU
		{64C5A99A-582B-4E78-9D29-11291238BE94}.Debug|Any CPU.Build.0 = Debug|Any CPU
		{64C5A99A-582B-4E78-9D29-11291238BE94}.Release|Any CPU.ActiveCfg = Release|Any CPU
		{64C5A99A-582B-4E78-9D29-11291238BE94}.Release|Any CPU.Build.0 = Release|Any CPU
		{E76CEB85-BE64-4ABD-BB79-20E48D653F8C}.Debug|Any CPU.ActiveCfg = Debug|Any CPU
		{E76CEB85-BE64-4ABD-BB79-20E48D653F8C}.Debug|Any CPU.Build.0 = Debug|Any CPU
		{E76CEB85-BE64-4ABD-BB79-20E48D653F8C}.Release|Any CPU.ActiveCfg = Release|Any CPU
		{E76CEB85-BE64-4ABD-BB79-20E48D653F8C}.Release|Any CPU.Build.0 = Release|Any CPU
		{8FFF2D8D-73AF-42E7-BB2B-645A67ADBB2C}.Debug|Any CPU.ActiveCfg = Debug|Any CPU
		{8FFF2D8D-73AF-42E7-BB2B-645A67ADBB2C}.Debug|Any CPU.Build.0 = Debug|Any CPU
		{8FFF2D8D-73AF-42E7-BB2B-645A67ADBB2C}.Release|Any CPU.ActiveCfg = Release|Any CPU
		{8FFF2D8D-73AF-42E7-BB2B-645A67ADBB2C}.Release|Any CPU.Build.0 = Release|Any CPU
	EndGlobalSection
	GlobalSection(SolutionProperties) = preSolution
		HideSolutionNode = FALSE
	EndGlobalSection
	GlobalSection(ExtensibilityGlobals) = postSolution
		SolutionGuid = {F17FFC63-19EA-433C-9E06-82AFDAA74A73}
	EndGlobalSection
EndGlobal
